
Microsoft Visual Studio Solution File, Format Version 12.00
# Visual Studio Version 16
VisualStudioVersion = 16.0.29215.179
MinimumVisualStudioVersion = 10.0.40219.1
Project("{FAE04EC0-301F-11D3-BF4B-00C04F79EFBC}") = "Chapter05TryOut03", "Chapter05TryOut03.csproj", "{39CDD8D8-D6AE-4FC1-ABB6-725AE0278DFD}"
EndProject
Global
	GlobalSection(SolutionConfigurationPlatforms) = preSolution
		Debug|Any CPU = Debug|Any CPU
		Release|Any CPU = Release|Any CPU
	EndGlobalSection
	GlobalSection(ProjectConfigurationPlatforms) = postSolution
		{39CDD8D8-D6AE-4FC1-ABB6-725AE0278DFD}.Debug|Any CPU.ActiveCfg = Debug|Any CPU
		{39CDD8D8-D6AE-4FC1-ABB6-725AE0278DFD}.Debug|Any CPU.Build.0 = Debug|Any CPU
		{39CDD8D8-D6AE-4FC1-ABB6-725AE0278DFD}.Release|Any CPU.ActiveCfg = Release|Any CPU
		{39CDD8D8-D6AE-4FC1-ABB6-725AE0278DFD}.Release|Any CPU.Build.0 = Release|Any CPU
	EndGlobalSection
	GlobalSection(SolutionProperties) = preSolution
		HideSolutionNode = FALSE
	EndGlobalSection
	GlobalSection(ExtensibilityGlobals) = postSolution
		SolutionGuid = {A38B883A-E29F-4A83-B193-C020AEEFF733}
	EndGlobalSection
EndGlobal
